
Microsoft Visual Studio Solution File, Format Version 12.00
# Visual Studio Version 17
VisualStudioVersion = 17.5.002.0
MinimumVisualStudioVersion = 10.0.40219.1
Project("{9A19103F-16F7-4668-BE54-9A1E7A4F7556}") = "ice1", "ice1.csproj", "{44A9E660-00D2-4578-ACCF-01D1993C1008}"
EndProject
Global
	GlobalSection(SolutionConfigurationPlatforms) = preSolution
		Debug|Any CPU = Debug|Any CPU
		Release|Any CPU = Release|Any CPU
	EndGlobalSection
	GlobalSection(ProjectConfigurationPlatforms) = postSolution
		{44A9E660-00D2-4578-ACCF-01D1993C1008}.Debug|Any CPU.ActiveCfg = Debug|Any CPU
		{44A9E660-00D2-4578-ACCF-01D1993C1008}.Debug|Any CPU.Build.0 = Debug|Any CPU
		{44A9E660-00D2-4578-ACCF-01D1993C1008}.Release|Any CPU.ActiveCfg = Release|Any CPU
		{44A9E660-00D2-4578-ACCF-01D1993C1008}.Release|Any CPU.Build.0 = Release|Any CPU
	EndGlobalSection
	GlobalSection(SolutionProperties) = preSolution
		HideSolutionNode = FALSE
	EndGlobalSection
	GlobalSection(ExtensibilityGlobals) = postSolution
		SolutionGuid = {BEE47917-BBA5-4C58-A2AC-7AB76173049F}
	EndGlobalSection
EndGlobal
